
Microsoft Visual Studio Solution File, Format Version 12.00
# Visual Studio Version 17
VisualStudioVersion = 17.10.35122.118
MinimumVisualStudioVersion = 10.0.40219.1
Project("{FAE04EC0-301F-11D3-BF4B-00C04F79EFBC}") = "ValidacionPatente", "ValidacionPatente\ValidacionPatente.csproj", "{6C393560-E850-43BE-886E-2A2F7D7417ED}"
EndProject
Global
	GlobalSection(SolutionConfigurationPlatforms) = preSolution
		Debug|Any CPU = Debug|Any CPU
		Release|Any CPU = Release|Any CPU
	EndGlobalSection
	GlobalSection(ProjectConfigurationPlatforms) = postSolution
		{6C393560-E850-43BE-886E-2A2F7D7417ED}.Debug|Any CPU.ActiveCfg = Debug|Any CPU
		{6C393560-E850-43BE-886E-2A2F7D7417ED}.Debug|Any CPU.Build.0 = Debug|Any CPU
		{6C393560-E850-43BE-886E-2A2F7D7417ED}.Release|Any CPU.ActiveCfg = Release|Any CPU
		{6C393560-E850-43BE-886E-2A2F7D7417ED}.Release|Any CPU.Build.0 = Release|Any CPU
	EndGlobalSection
	GlobalSection(SolutionProperties) = preSolution
		HideSolutionNode = FALSE
	EndGlobalSection
	GlobalSection(ExtensibilityGlobals) = postSolution
		SolutionGuid = {727B07B1-1792-407A-984B-D55BF57098AE}
	EndGlobalSection
EndGlobal
